<?xml version="1.0" encoding="utf-8"?>
<Project ToolsVersion="4.0" xmlns="http://schemas.microsoft.com/developer/msbuild/2003">
  <ItemGroup>
    <Filter Include="Source Files">
      <UniqueIdentifier>{4FC737F1-C7A5-4376-A066-2A32D752A2FF}</UniqueIdentifier>
      <Extensions>cpp;c;cc;cxx;c++;cppm;ixx;def;odl;idl;hpj;bat;asm;asmx</Extensions>
    </Filter>
    <Filter Include="Header Files">
      <UniqueIdentifier>{93995380-89BD-4b04-88EB-625FBE52EBFB}</UniqueIdentifier>
      <Extensions>h;hh;hpp;hxx;h++;hm;inl;inc;ipp;xsd</Extensions>
    </Filter>
    <Filter Include="Resource Files">
      <UniqueIdentifier>{67DA6AB6-F800-4c08-8B7A-83BB121AAD01}</UniqueIdentifier>
      <Extensions>rc;ico;cur;bmp;dlg;rc2;rct;bin;rgs;gif;jpg;jpeg;jpe;resx;tiff;tif;png;wav;mfcribbon-ms</Extensions>
    </Filter>
    <Filter Include="Source Files\MDB_Engine">
      <UniqueIdentifier>{0d544155-0940-4a21-91fd-f59e6d6109d9}</UniqueIdentifier>
    </Filter>
    <Filter Include="Source Files\MDB_Engine\Query_Engine">
      <UniqueIdentifier>{2ee65d3b-d502-4c0e-b321-82e53a93b2cc}</UniqueIdentifier>
    </Filter>
    <Filter Include="Source Files\MDB_Engine\Utils">
      <UniqueIdentifier>{952b11e5-2dbe-4a7e-876c-42c7659c9652}</UniqueIdentifier>
    </Filter>
    <Filter Include="Header Files\QE">
      <UniqueIdentifier>{1a7666d9-e49b-4972-9033-e55518461e07}</UniqueIdentifier>
    </Filter>
    <Filter Include="Source Files\MDB_Engine\Query_Engine\Utils_QE">
      <UniqueIdentifier>{22ad9d3d-0705-475b-b8b1-26d506b43db3}</UniqueIdentifier>
    </Filter>
  </ItemGroup>
  <ItemGroup>
    <ClCompile Include="MDB.cpp">
      <Filter>Source Files</Filter>
    </ClCompile>
    <ClCompile Include="SystemInfo.cpp">
      <Filter>Source Files\MDB_Engine\Utils</Filter>
    </ClCompile>
    <ClCompile Include="Auth.cpp">
      <Filter>Source Files\MDB_Engine\Utils</Filter>
    </ClCompile>
    <ClCompile Include="Query_Engine.cpp">
      <Filter>Source Files\MDB_Engine\Query_Engine</Filter>
    </ClCompile>
    <ClCompile Include="CMD_Manipulation.cpp">
      <Filter>Source Files\MDB_Engine\Query_Engine\Utils_QE</Filter>
    </ClCompile>
    <ClCompile Include="cmd_Create.cpp">
      <Filter>Source Files\MDB_Engine\Query_Engine</Filter>
    </ClCompile>
    <ClCompile Include="Encoder_QE.cpp">
      <Filter>Source Files\MDB_Engine\Query_Engine\Utils_QE</Filter>
    </ClCompile>
    <ClCompile Include="Decoder_QE.cpp">
      <Filter>Source Files\MDB_Engine\Query_Engine\Utils_QE</Filter>
    </ClCompile>
    <ClCompile Include="cmd_Use.cpp">
      <Filter>Source Files\MDB_Engine\Query_Engine</Filter>
    </ClCompile>
    <ClCompile Include="cmd_Drop.cpp">
      <Filter>Source Files\MDB_Engine\Query_Engine</Filter>
    </ClCompile>
  </ItemGroup>
  <ItemGroup>
    <ClInclude Include="SystemInfo.h">
      <Filter>Header Files</Filter>
    </ClInclude>
    <ClInclude Include="ProductInfo.h">
      <Filter>Header Files</Filter>
    </ClInclude>
    <ClInclude Include="Auth.h">
      <Filter>Header Files</Filter>
    </ClInclude>
    <ClInclude Include="Query_Engine.h">
      <Filter>Header Files\QE</Filter>
    </ClInclude>
    <ClInclude Include="CMD_Manipulation.h">
      <Filter>Header Files\QE</Filter>
    </ClInclude>
    <ClInclude Include="cmd_Create.h">
      <Filter>Header Files</Filter>
    </ClInclude>
    <ClInclude Include="Encoder_QE.h">
      <Filter>Header Files\QE</Filter>
    </ClInclude>
    <ClInclude Include="Decoder_QE.h">
      <Filter>Header Files\QE</Filter>
    </ClInclude>
    <ClInclude Include="cmd_Use.h">
      <Filter>Header Files\QE</Filter>
    </ClInclude>
    <ClInclude Include="resource.h">
      <Filter>Header Files</Filter>
    </ClInclude>
    <ClInclude Include="globals.h">
      <Filter>Header Files</Filter>
    </ClInclude>
    <ClInclude Include="cmd_drop.h">
      <Filter>Header Files\QE</Filter>
    </ClInclude>
  </ItemGroup>
  <ItemGroup>
    <ResourceCompile Include="MDB.rc">
      <Filter>Resource Files</Filter>
    </ResourceCompile>
  </ItemGroup>
</Project>